
Microsoft Visual Studio Solution File, Format Version 12.00
# Visual Studio Version 17
VisualStudioVersion = 17.5.002.0
MinimumVisualStudioVersion = 10.0.40219.1
Project("{9A19103F-16F7-4668-BE54-9A1E7A4F7556}") = "WitsFrontend", "WitsFrontend\WitsFrontend.csproj", "{F4A26EE9-348F-4F8D-ACEF-253484E5B79D}"
EndProject
Global
	GlobalSection(SolutionConfigurationPlatforms) = preSolution
		Debug|Any CPU = Debug|Any CPU
		Release|Any CPU = Release|Any CPU
	EndGlobalSection
	GlobalSection(ProjectConfigurationPlatforms) = postSolution
		{F4A26EE9-348F-4F8D-ACEF-253484E5B79D}.Debug|Any CPU.ActiveCfg = Debug|Any CPU
		{F4A26EE9-348F-4F8D-ACEF-253484E5B79D}.Debug|Any CPU.Build.0 = Debug|Any CPU
		{F4A26EE9-348F-4F8D-ACEF-253484E5B79D}.Release|Any CPU.ActiveCfg = Release|Any CPU
		{F4A26EE9-348F-4F8D-ACEF-253484E5B79D}.Release|Any CPU.Build.0 = Release|Any CPU
	EndGlobalSection
	GlobalSection(SolutionProperties) = preSolution
		HideSolutionNode = FALSE
	EndGlobalSection
	GlobalSection(ExtensibilityGlobals) = postSolution
		SolutionGuid = {6943D4BF-2F18-4D0F-B1E8-641795B5487D}
	EndGlobalSection
EndGlobal
